// !$*UTF8*$!
{
	archiveVersion = 1;
	classes = {
	};
	objectVersion = 55;
	objects = {

/* Begin PBXBuildFile section */
		93FB83BA2819715500BBF0E3 /* AppDelegate.swift in Sources */ = {isa = PBXBuildFile; fileRef = 93FB83B92819715500BBF0E3 /* AppDelegate.swift */; };
		93FB83BC2819715500BBF0E3 /* SceneDelegate.swift in Sources */ = {isa = PBXBuildFile; fileRef = 93FB83BB2819715500BBF0E3 /* SceneDelegate.swift */; };
		93FB83BE2819715500BBF0E3 /* ViewController.swift in Sources */ = {isa = PBXBuildFile; fileRef = 93FB83BD2819715500BBF0E3 /* ViewController.swift */; };
		93FB83C12819715500BBF0E3 /* Main.storyboard in Resources */ = {isa = PBXBuildFile; fileRef = 93FB83BF2819715500BBF0E3 /* Main.storyboard */; };
		93FB83C32819715500BBF0E3 /* Assets.xcassets in Resources */ = {isa = PBXBuildFile; fileRef = 93FB83C22819715500BBF0E3 /* Assets.xcassets */; };
		93FB83C62819715500BBF0E3 /* LaunchScreen.storyboard in Resources */ = {isa = PBXBuildFile; fileRef = 93FB83C42819715500BBF0E3 /* LaunchScreen.storyboard */; };
		93FB83D12819715500BBF0E3 /* mapDemoTests.swift in Sources */ = {isa = PBXBuildFile; fileRef = 93FB83D02819715500BBF0E3 /* mapDemoTests.swift */; };
		93FB83DB2819715500BBF0E3 /* mapDemoUITests.swift in Sources */ = {isa = PBXBuildFile; fileRef = 93FB83DA2819715500BBF0E3 /* mapDemoUITests.swift */; };
		93FB83DD2819715500BBF0E3 /* mapDemoUITestsLaunchTests.swift in Sources */ = {isa = PBXBuildFile; fileRef = 93FB83DC2819715500BBF0E3 /* mapDemoUITestsLaunchTests.swift */; };
/* End PBXBuildFile section */

/* Begin PBXContainerItemProxy section */
		93FB83CD2819715500BBF0E3 /* PBXContainerItemProxy */ = {
			isa = PBXContainerItemProxy;
			containerPortal = 93FB83AE2819715400BBF0E3 /* Project object */;
			proxyType = 1;
			remoteGlobalIDString = 93FB83B52819715500BBF0E3;
			remoteInfo = mapDemo;
		};
		93FB83D72819715500BBF0E3 /* PBXContainerItemProxy */ = {
			isa = PBXContainerItemProxy;
			containerPortal = 93FB83AE2819715400BBF0E3 /* Project object */;
			proxyType = 1;
			remoteGlobalIDString = 93FB83B52819715500BBF0E3;
			remoteInfo = mapDemo;
		};
/* End PBXContainerItemProxy section */

/* Begin PBXFileReference section */
		93FB83B62819715500BBF0E3 /* mapDemo.app */ = {isa = PBXFileReference; explicitFileType = wrapper.application; includeInIndex = 0; path = mapDemo.app; sourceTree = BUILT_PRODUCTS_DIR; };
		93FB83B92819715500BBF0E3 /* AppDelegate.swift */ = {isa = PBXFileReference; lastKnownFileType = sourcecode.swift; path = AppDelegate.swift; sourceTree = "<group>"; };
		93FB83BB2819715500BBF0E3 /* SceneDelegate.swift */ = {isa = PBXFileReference; lastKnownFileType = sourcecode.swift; path = SceneDelegate.swift; sourceTree = "<group>"; };
		93FB83BD2819715500BBF0E3 /* ViewController.swift */ = {isa = PBXFileReference; lastKnownFileType = sourcecode.swift; path = ViewController.swift; sourceTree = "<group>"; };
		93FB83C02819715500BBF0E3 /* Base */ = {isa = PBXFileReference; lastKnownFileType = file.storyboard; name = Base; path = Base.lproj/Main.storyboard; sourceTree = "<group>"; };
		93FB83C22819715500BBF0E3 /* Assets.xcassets */ = {isa = PBXFileReference; lastKnownFileType = folder.assetcatalog; path = Assets.xcassets; sourceTree = "<group>"; };
		93FB83C52819715500BBF0E3 /* Base */ = {isa = PBXFileReference; lastKnownFileType = file.storyboard; name = Base; path = Base.lproj/LaunchScreen.storyboard; sourceTree = "<group>"; };
		93FB83C72819715500BBF0E3 /* Info.plist */ = {isa = PBXFileReference; lastKnownFileType = text.plist.xml; path = Info.plist; sourceTree = "<group>"; };
		93FB83CC2819715500BBF0E3 /* mapDemoTests.xctest */ = {isa = PBXFileReference; explicitFileType = wrapper.cfbundle; includeInIndex = 0; path = mapDemoTests.xctest; sourceTree = BUILT_PRODUCTS_DIR; };
		93FB83D02819715500BBF0E3 /* mapDemoTests.swift */ = {isa = PBXFileReference; lastKnownFileType = sourcecode.swift; path = mapDemoTests.swift; sourceTree = "<group>"; };
		93FB83D62819715500BBF0E3 /* mapDemoUITests.xctest */ = {isa = PBXFileReference; explicitFileType = wrapper.cfbundle; includeInIndex = 0; path = mapDemoUITests.xctest; sourceTree = BUILT_PRODUCTS_DIR; };
		93FB83DA2819715500BBF0E3 /* mapDemoUITests.swift */ = {isa = PBXFileReference; lastKnownFileType = sourcecode.swift; path = mapDemoUITests.swift; sourceTree = "<group>"; };
		93FB83DC2819715500BBF0E3 /* mapDemoUITestsLaunchTests.swift */ = {isa = PBXFileReference; lastKnownFileType = sourcecode.swift; path = mapDemoUITestsLaunchTests.swift; sourceTree = "<group>"; };
/* End PBXFileReference section */

/* Begin PBXFrameworksBuildPhase section */
		93FB83B32819715500BBF0E3 /* Frameworks */ = {
			isa = PBXFrameworksBuildPhase;
			buildActionMask = 2147483647;
			files = (
			);
			runOnlyForDeploymentPostprocessing = 0;
		};
		93FB83C92819715500BBF0E3 /* Frameworks */ = {
			isa = PBXFrameworksBuildPhase;
			buildActionMask = 2147483647;
			files = (
			);
			runOnlyForDeploymentPostprocessing = 0;
		};
		93FB83D32819715500BBF0E3 /* Frameworks */ = {
			isa = PBXFrameworksBuildPhase;
			buildActionMask = 2147483647;
			files = (
			);
			runOnlyForDeploymentPostprocessing = 0;
		};
/* End PBXFrameworksBuildPhase section */

/* Begin PBXGroup section */
		93FB83AD2819715400BBF0E3 = {
			isa = PBXGroup;
			children = (
				93FB83B82819715500BBF0E3 /* mapDemo */,
				93FB83CF2819715500BBF0E3 /* mapDemoTests */,
				93FB83D92819715500BBF0E3 /* mapDemoUITests */,
				93FB83B72819715500BBF0E3 /* Products */,
			);
			sourceTree = "<group>";
		};
		93FB83B72819715500BBF0E3 /* Products */ = {
			isa = PBXGroup;
			children = (
				93FB83B62819715500BBF0E3 /* mapDemo.app */,
				93FB83CC2819715500BBF0E3 /* mapDemoTests.xctest */,
				93FB83D62819715500BBF0E3 /* mapDemoUITests.xctest */,
			);
			name = Products;
			sourceTree = "<group>";
		};
		93FB83B82819715500BBF0E3 /* mapDemo */ = {
			isa = PBXGroup;
			children = (
				93FB83B92819715500BBF0E3 /* AppDelegate.swift */,
				93FB83BB2819715500BBF0E3 /* SceneDelegate.swift */,
				93FB83BD2819715500BBF0E3 /* ViewController.swift */,
				93FB83BF2819715500BBF0E3 /* Main.storyboard */,
				93FB83C22819715500BBF0E3 /* Assets.xcassets */,
				93FB83C42819715500BBF0E3 /* LaunchScreen.storyboard */,
				93FB83C72819715500BBF0E3 /* Info.plist */,
			);
			path = mapDemo;
			sourceTree = "<group>";
		};
		93FB83CF2819715500BBF0E3 /* mapDemoTests */ = {
			isa = PBXGroup;
			children = (
				93FB83D02819715500BBF0E3 /* mapDemoTests.swift */,
			);
			path = mapDemoTests;
			sourceTree = "<group>";
		};
		93FB83D92819715500BBF0E3 /* mapDemoUITests */ = {
			isa = PBXGroup;
			children = (
				93FB83DA2819715500BBF0E3 /* mapDemoUITests.swift */,
				93FB83DC2819715500BBF0E3 /* mapDemoUITestsLaunchTests.swift */,
			);
			path = mapDemoUITests;
			sourceTree = "<group>";
		};
/* End PBXGroup section */

/* Begin PBXNativeTarget section */
		93FB83B52819715500BBF0E3 /* mapDemo */ = {
			isa = PBXNativeTarget;
			buildConfigurationList = 93FB83E02819715500BBF0E3 /* Build configuration list for PBXNativeTarget "mapDemo" */;
			buildPhases = (
				93FB83B22819715500BBF0E3 /* Sources */,
				93FB83B32819715500BBF0E3 /* Frameworks */,
				93FB83B42819715500BBF0E3 /* Resources */,
			);
			buildRules = (
			);
			dependencies = (
			);
			name = mapDemo;
			productName = mapDemo;
			productReference = 93FB83B62819715500BBF0E3 /* mapDemo.app */;
			productType = "com.apple.product-type.application";
		};
		93FB83CB2819715500BBF0E3 /* mapDemoTests */ = {
			isa = PBXNativeTarget;
			buildConfigurationList = 93FB83E32819715500BBF0E3 /* Build configuration list for PBXNativeTarget "mapDemoTests" */;
			buildPhases = (
				93FB83C82819715500BBF0E3 /* Sources */,
				93FB83C92819715500BBF0E3 /* Frameworks */,
				93FB83CA2819715500BBF0E3 /* Resources */,
			);
			buildRules = (
			);
			dependencies = (
				93FB83CE2819715500BBF0E3 /* PBXTargetDependency */,
			);
			name = mapDemoTests;
			productName = mapDemoTests;
			productReference = 93FB83CC2819715500BBF0E3 /* mapDemoTests.xctest */;
			productType = "com.apple.product-type.bundle.unit-test";
		};
		93FB83D52819715500BBF0E3 /* mapDemoUITests */ = {
			isa = PBXNativeTarget;
			buildConfigurationList = 93FB83E62819715500BBF0E3 /* Build configuration list for PBXNativeTarget "mapDemoUITests" */;
			buildPhases = (
				93FB83D22819715500BBF0E3 /* Sources */,
				93FB83D32819715500BBF0E3 /* Frameworks */,
				93FB83D42819715500BBF0E3 /* Resources */,
			);
			buildRules = (
			);
			dependencies = (
				93FB83D82819715500BBF0E3 /* PBXTargetDependency */,
			);
			name = mapDemoUITests;
			productName = mapDemoUITests;
			productReference = 93FB83D62819715500BBF0E3 /* mapDemoUITests.xctest */;
			productType = "com.apple.product-type.bundle.ui-testing";
		};
/* End PBXNativeTarget section */

/* Begin PBXProject section */
		93FB83AE2819715400BBF0E3 /* Project object */ = {
			isa = PBXProject;
			attributes = {
				BuildIndependentTargetsInParallel = 1;
				LastSwiftUpdateCheck = 1330;
				LastUpgradeCheck = 1330;
				TargetAttributes = {
					93FB83B52819715500BBF0E3 = {
						CreatedOnToolsVersion = 13.3.1;
					};
					93FB83CB2819715500BBF0E3 = {
						CreatedOnToolsVersion = 13.3.1;
						TestTargetID = 93FB83B52819715500BBF0E3;
					};
					93FB83D52819715500BBF0E3 = {
						CreatedOnToolsVersion = 13.3.1;
						TestTargetID = 93FB83B52819715500BBF0E3;
					};
				};
			};
			buildConfigurationList = 93FB83B12819715400BBF0E3 /* Build configuration list for PBXProject "mapDemo" */;
			compatibilityVersion = "Xcode 13.0";
			developmentRegion = en;
			hasScannedForEncodings = 0;
			knownRegions = (
				en,
				Base,
			);
			mainGroup = 93FB83AD2819715400BBF0E3;
			productRefGroup = 93FB83B72819715500BBF0E3 /* Products */;
			projectDirPath = "";
			projectRoot = "";
			targets = (
				93FB83B52819715500BBF0E3 /* mapDemo */,
				93FB83CB2819715500BBF0E3 /* mapDemoTests */,
				93FB83D52819715500BBF0E3 /* mapDemoUITests */,
			);
		};
/* End PBXProject section */

/* Begin PBXResourcesBuildPhase section */
		93FB83B42819715500BBF0E3 /* Resources */ = {
			isa = PBXResourcesBuildPhase;
			buildActionMask = 2147483647;
			files = (
				93FB83C62819715500BBF0E3 /* LaunchScreen.storyboard in Resources */,
				93FB83C32819715500BBF0E3 /* Assets.xcassets in Resources */,
				93FB83C12819715500BBF0E3 /* Main.storyboard in Resources */,
			);
			runOnlyForDeploymentPostprocessing = 0;
		};
		93FB83CA2819715500BBF0E3 /* Resources */ = {
			isa = PBXResourcesBuildPhase;
			buildActionMask = 2147483647;
			files = (
			);
			runOnlyForDeploymentPostprocessing = 0;
		};
		93FB83D42819715500BBF0E3 /* Resources */ = {
			isa = PBXResourcesBuildPhase;
			buildActionMask = 2147483647;
			files = (
			);
			runOnlyForDeploymentPostprocessing = 0;
		};
/* End PBXResourcesBuildPhase section */

/* Begin PBXSourcesBuildPhase section */
		93FB83B22819715500BBF0E3 /* Sources */ = {
			isa = PBXSourcesBuildPhase;
			buildActionMask = 2147483647;
			files = (
				93FB83BE2819715500BBF0E3 /* ViewController.swift in Sources */,
				93FB83BA2819715500BBF0E3 /* AppDelegate.swift in Sources */,
				93FB83BC2819715500BBF0E3 /* SceneDelegate.swift in Sources */,
			);
			runOnlyForDeploymentPostprocessing = 0;
		};
		93FB83C82819715500BBF0E3 /* Sources */ = {
			isa = PBXSourcesBuildPhase;
			buildActionMask = 2147483647;
			files = (
				93FB83D12819715500BBF0E3 /* mapDemoTests.swift in Sources */,
			);
			runOnlyForDeploymentPostprocessing = 0;
		};
		93FB83D22819715500BBF0E3 /* Sources */ = {
			isa = PBXSourcesBuildPhase;
			buildActionMask = 2147483647;
			files = (
				93FB83DD2819715500BBF0E3 /* mapDemoUITestsLaunchTests.swift in Sources */,
				93FB83DB2819715500BBF0E3 /* mapDemoUITests.swift in Sources */,
			);
			runOnlyForDeploymentPostprocessing = 0;
		};
/* End PBXSourcesBuildPhase section */

/* Begin PBXTargetDependency section */
		93FB83CE2819715500BBF0E3 /* PBXTargetDependency */ = {
			isa = PBXTargetDependency;
			target = 93FB83B52819715500BBF0E3 /* mapDemo */;
			targetProxy = 93FB83CD2819715500BBF0E3 /* PBXContainerItemProxy */;
		};
		93FB83D82819715500BBF0E3 /* PBXTargetDependency */ = {
			isa = PBXTargetDependency;
			target = 93FB83B52819715500BBF0E3 /* mapDemo */;
			targetProxy = 93FB83D72819715500BBF0E3 /* PBXContainerItemProxy */;
		};
/* End PBXTargetDependency section */

/* Begin PBXVariantGroup section */
		93FB83BF2819715500BBF0E3 /* Main.storyboard */ = {
			isa = PBXVariantGroup;
			children = (
				93FB83C02819715500BBF0E3 /* Base */,
			);
			name = Main.storyboard;
			sourceTree = "<group>";
		};
		93FB83C42819715500BBF0E3 /* LaunchScreen.storyboard */ = {
			isa = PBXVariantGroup;
			children = (
				93FB83C52819715500BBF0E3 /* Base */,
			);
			name = LaunchScreen.storyboard;
			sourceTree = "<group>";
		};
/* End PBXVariantGroup section */

/* Begin XCBuildConfiguration section */
		93FB83DE2819715500BBF0E3 /* Debug */ = {
			isa = XCBuildConfiguration;
			buildSettings = {
				ALWAYS_SEARCH_USER_PATHS = NO;
				CLANG_ANALYZER_NONNULL = YES;
				CLANG_ANALYZER_NUMBER_OBJECT_CONVERSION = YES_AGGRESSIVE;
				CLANG_CXX_LANGUAGE_STANDARD = "gnu++17";
				CLANG_ENABLE_MODULES = YES;
				CLANG_ENABLE_OBJC_ARC = YES;
				CLANG_ENABLE_OBJC_WEAK = YES;
				CLANG_WARN_BLOCK_CAPTURE_AUTORELEASING = YES;
				CLANG_WARN_BOOL_CONVERSION = YES;
				CLANG_WARN_COMMA = YES;
				CLANG_WARN_CONSTANT_CONVERSION = YES;
				CLANG_WARN_DEPRECATED_OBJC_IMPLEMENTATIONS = YES;
				CLANG_WARN_DIRECT_OBJC_ISA_USAGE = YES_ERROR;
				CLANG_WARN_DOCUMENTATION_COMMENTS = YES;
				CLANG_WARN_EMPTY_BODY = YES;
				CLANG_WARN_ENUM_CONVERSION = YES;
				CLANG_WARN_INFINITE_RECURSION = YES;
				CLANG_WARN_INT_CONVERSION = YES;
				CLANG_WARN_NON_LITERAL_NULL_CONVERSION = YES;
				CLANG_WARN_OBJC_IMPLICIT_RETAIN_SELF = YES;
				CLANG_WARN_OBJC_LITERAL_CONVERSION = YES;
				CLANG_WARN_OBJC_ROOT_CLASS = YES_ERROR;
				CLANG_WARN_QUOTED_INCLUDE_IN_FRAMEWORK_HEADER = YES;
				CLANG_WARN_RANGE_LOOP_ANALYSIS = YES;
				CLANG_WARN_STRICT_PROTOTYPES = YES;
				CLANG_WARN_SUSPICIOUS_MOVE = YES;
				CLANG_WARN_UNGUARDED_AVAILABILITY = YES_AGGRESSIVE;
				CLANG_WARN_UNREACHABLE_CODE = YES;
				CLANG_WARN__DUPLICATE_METHOD_MATCH = YES;
				COPY_PHASE_STRIP = NO;
				DEBUG_INFORMATION_FORMAT = dwarf;
				ENABLE_STRICT_OBJC_MSGSEND = YES;
				ENABLE_TESTABILITY = YES;
				GCC_C_LANGUAGE_STANDARD = gnu11;
				GCC_DYNAMIC_NO_PIC = NO;
				GCC_NO_COMMON_BLOCKS = YES;
				GCC_OPTIMIZATION_LEVEL = 0;
				GCC_PREPROCESSOR_DEFINITIONS = (
					"DEBUG=1",
					"$(inherited)",
				);
				GCC_WARN_64_TO_32_BIT_CONVERSION = YES;
				GCC_WARN_ABOUT_RETURN_TYPE = YES_ERROR;
				GCC_WARN_UNDECLARED_SELECTOR = YES;
				GCC_WARN_UNINITIALIZED_AUTOS = YES_AGGRESSIVE;
				GCC_WARN_UNUSED_FUNCTION = YES;
				GCC_WARN_UNUSED_VARIABLE = YES;
				IPHONEOS_DEPLOYMENT_TARGET = 15.4;
				MTL_ENABLE_DEBUG_INFO = INCLUDE_SOURCE;
				MTL_FAST_MATH = YES;
				ONLY_ACTIVE_ARCH = YES;
				SDKROOT = iphoneos;
				SWIFT_ACTIVE_COMPILATION_CONDITIONS = DEBUG;
				SWIFT_OPTIMIZATION_LEVEL = "-Onone";
			};
			name = Debug;
		};
		93FB83DF2819715500BBF0E3 /* Release */ = {
			isa = XCBuildConfiguration;
			buildSettings = {
				ALWAYS_SEARCH_USER_PATHS = NO;
				CLANG_ANALYZER_NONNULL = YES;
				CLANG_ANALYZER_NUMBER_OBJECT_CONVERSION = YES_AGGRESSIVE;
				CLANG_CXX_LANGUAGE_STANDARD = "gnu++17";
				CLANG_ENABLE_MODULES = YES;
				CLANG_ENABLE_OBJC_ARC = YES;
				CLANG_ENABLE_OBJC_WEAK = YES;
				CLANG_WARN_BLOCK_CAPTURE_AUTORELEASING = YES;
				CLANG_WARN_BOOL_CONVERSION = YES;
				CLANG_WARN_COMMA = YES;
				CLANG_WARN_CONSTANT_CONVERSION = YES;
				CLANG_WARN_DEPRECATED_OBJC_IMPLEMENTATIONS = YES;
				CLANG_WARN_DIRECT_OBJC_ISA_USAGE = YES_ERROR;
				CLANG_WARN_DOCUMENTATION_COMMENTS = YES;
				CLANG_WARN_EMPTY_BODY = YES;
				CLANG_WARN_ENUM_CONVERSION = YES;
				CLANG_WARN_INFINITE_RECURSION = YES;
				CLANG_WARN_INT_CONVERSION = YES;
				CLANG_WARN_NON_LITERAL_NULL_CONVERSION = YES;
				CLANG_WARN_OBJC_IMPLICIT_RETAIN_SELF = YES;
				CLANG_WARN_OBJC_LITERAL_CONVERSION = YES;
				CLANG_WARN_OBJC_ROOT_CLASS = YES_ERROR;
				CLANG_WARN_QUOTED_INCLUDE_IN_FRAMEWORK_HEADER = YES;
				CLANG_WARN_RANGE_LOOP_ANALYSIS = YES;
				CLANG_WARN_STRICT_PROTOTYPES = YES;
				CLANG_WARN_SUSPICIOUS_MOVE = YES;
				CLANG_WARN_UNGUARDED_AVAILABILITY = YES_AGGRESSIVE;
				CLANG_WARN_UNREACHABLE_CODE = YES;
				CLANG_WARN__DUPLICATE_METHOD_MATCH = YES;
				COPY_PHASE_STRIP = NO;
				DEBUG_INFORMATION_FORMAT = "dwarf-with-dsym";
				ENABLE_NS_ASSERTIONS = NO;
				ENABLE_STRICT_OBJC_MSGSEND = YES;
				GCC_C_LANGUAGE_STANDARD = gnu11;
				GCC_NO_COMMON_BLOCKS = YES;
				GCC_WARN_64_TO_32_BIT_CONVERSION = YES;
				GCC_WARN_ABOUT_RETURN_TYPE = YES_ERROR;
				GCC_WARN_UNDECLARED_SELECTOR = YES;
				GCC_WARN_UNINITIALIZED_AUTOS = YES_AGGRESSIVE;
				GCC_WARN_UNUSED_FUNCTION = YES;
				GCC_WARN_UNUSED_VARIABLE = YES;
				IPHONEOS_DEPLOYMENT_TARGET = 15.4;
				MTL_ENABLE_DEBUG_INFO = NO;
				MTL_FAST_MATH = YES;
				SDKROOT = iphoneos;
				SWIFT_COMPILATION_MODE = wholemodule;
				SWIFT_OPTIMIZATION_LEVEL = "-O";
				VALIDATE_PRODUCT = YES;
			};
			name = Release;
		};
		93FB83E12819715500BBF0E3 /* Debug */ = {
			isa = XCBuildConfiguration;
			buildSettings = {
				ASSETCATALOG_COMPILER_APPICON_NAME = AppIcon;
				ASSETCATALOG_COMPILER_GLOBAL_ACCENT_COLOR_NAME = AccentColor;
				CODE_SIGN_STYLE = Automatic;
				CURRENT_PROJECT_VERSION = 1;
				DEVELOPMENT_TEAM = 3NFYF9U8JP;
				GENERATE_INFOPLIST_FILE = YES;
				INFOPLIST_FILE = mapDemo/Info.plist;
				INFOPLIST_KEY_UIApplicationSupportsIndirectInputEvents = YES;
				INFOPLIST_KEY_UILaunchStoryboardName = LaunchScreen;
				INFOPLIST_KEY_UIMainStoryboardFile = Main;
				INFOPLIST_KEY_UISupportedInterfaceOrientations_iPad = "UIInterfaceOrientationPortrait UIInterfaceOrientationPortraitUpsideDown UIInterfaceOrientationLandscapeLeft UIInterfaceOrientationLandscapeRight";
				INFOPLIST_KEY_UISupportedInterfaceOrientations_iPhone = "UIInterfaceOrientationPortrait UIInterfaceOrientationLandscapeLeft UIInterfaceOrientationLandscapeRight";
				LD_RUNPATH_SEARCH_PATHS = (
					"$(inherited)",
					"@executable_path/Frameworks",
				);
				MARKETING_VERSION = 1.0;
				PRODUCT_BUNDLE_IDENTIFIER = Bryan.mapDemo;
				PRODUCT_NAME = "$(TARGET_NAME)";
				SWIFT_EMIT_LOC_STRINGS = YES;
				SWIFT_VERSION = 5.0;
				TARGETED_DEVICE_FAMILY = "1,2";
			};
			name = Debug;
		};
		93FB83E22819715500BBF0E3 /* Release */ = {
			isa = XCBuildConfiguration;
			buildSettings = {
				ASSETCATALOG_COMPILER_APPICON_NAME = AppIcon;
				ASSETCATALOG_COMPILER_GLOBAL_ACCENT_COLOR_NAME = AccentColor;
				CODE_SIGN_STYLE = Automatic;
				CURRENT_PROJECT_VERSION = 1;
				DEVELOPMENT_TEAM = 3NFYF9U8JP;
				GENERATE_INFOPLIST_FILE = YES;
				INFOPLIST_FILE = mapDemo/Info.plist;
				INFOPLIST_KEY_UIApplicationSupportsIndirectInputEvents = YES;
				INFOPLIST_KEY_UILaunchStoryboardName = LaunchScreen;
				INFOPLIST_KEY_UIMainStoryboardFile = Main;
				INFOPLIST_KEY_UISupportedInterfaceOrientations_iPad = "UIInterfaceOrientationPortrait UIInterfaceOrientationPortraitUpsideDown UIInterfaceOrientationLandscapeLeft UIInterfaceOrientationLandscapeRight";
				INFOPLIST_KEY_UISupportedInterfaceOrientations_iPhone = "UIInterfaceOrientationPortrait UIInterfaceOrientationLandscapeLeft UIInterfaceOrientationLandscapeRight";
				LD_RUNPATH_SEARCH_PATHS = (
					"$(inherited)",
					"@executable_path/Frameworks",
				);
				MARKETING_VERSION = 1.0;
				PRODUCT_BUNDLE_IDENTIFIER = Bryan.mapDemo;
				PRODUCT_NAME = "$(TARGET_NAME)";
				SWIFT_EMIT_LOC_STRINGS = YES;
				SWIFT_VERSION = 5.0;
				TARGETED_DEVICE_FAMILY = "1,2";
			};
			name = Release;
		};
		93FB83E42819715500BBF0E3 /* Debug */ = {
			isa = XCBuildConfiguration;
			buildSettings = {
				ALWAYS_EMBED_SWIFT_STANDARD_LIBRARIES = YES;
				BUNDLE_LOADER = "$(TEST_HOST)";
				CODE_SIGN_STYLE = Automatic;
				CURRENT_PROJECT_VERSION = 1;
				DEVELOPMENT_TEAM = 3NFYF9U8JP;
				GENERATE_INFOPLIST_FILE = YES;
				IPHONEOS_DEPLOYMENT_TARGET = 15.4;
				MARKETING_VERSION = 1.0;
				PRODUCT_BUNDLE_IDENTIFIER = Bryan.mapDemoTests;
				PRODUCT_NAME = "$(TARGET_NAME)";
				SWIFT_EMIT_LOC_STRINGS = NO;
				SWIFT_VERSION = 5.0;
				TARGETED_DEVICE_FAMILY = "1,2";
				TEST_HOST = "$(BUILT_PRODUCTS_DIR)/mapDemo.app/mapDemo";
			};
			name = Debug;
		};
		93FB83E52819715500BBF0E3 /* Release */ = {
			isa = XCBuildConfiguration;
			buildSettings = {
				ALWAYS_EMBED_SWIFT_STANDARD_LIBRARIES = YES;
				BUNDLE_LOADER = "$(TEST_HOST)";
				CODE_SIGN_STYLE = Automatic;
				CURRENT_PROJECT_VERSION = 1;
				DEVELOPMENT_TEAM = 3NFYF9U8JP;
				GENERATE_INFOPLIST_FILE = YES;
				IPHONEOS_DEPLOYMENT_TARGET = 15.4;
				MARKETING_VERSION = 1.0;
				PRODUCT_BUNDLE_IDENTIFIER = Bryan.mapDemoTests;
				PRODUCT_NAME = "$(TARGET_NAME)";
				SWIFT_EMIT_LOC_STRINGS = NO;
				SWIFT_VERSION = 5.0;
				TARGETED_DEVICE_FAMILY = "1,2";
				TEST_HOST = "$(BUILT_PRODUCTS_DIR)/mapDemo.app/mapDemo";
			};
			name = Release;
		};
		93FB83E72819715500BBF0E3 /* Debug */ = {
			isa = XCBuildConfiguration;
			buildSettings = {
				ALWAYS_EMBED_SWIFT_STANDARD_LIBRARIES = YES;
				CODE_SIGN_STYLE = Automatic;
				CURRENT_PROJECT_VERSION = 1;
				DEVELOPMENT_TEAM = 3NFYF9U8JP;
				GENERATE_INFOPLIST_FILE = YES;
				MARKETING_VERSION = 1.0;
				PRODUCT_BUNDLE_IDENTIFIER = Bryan.mapDemoUITests;
				PRODUCT_NAME = "$(TARGET_NAME)";
				SWIFT_EMIT_LOC_STRINGS = NO;
				SWIFT_VERSION = 5.0;
				TARGETED_DEVICE_FAMILY = "1,2";
				TEST_TARGET_NAME = mapDemo;
			};
			name = Debug;
		};
		93FB83E82819715500BBF0E3 /* Release */ = {
			isa = XCBuildConfiguration;
			buildSettings = {
				ALWAYS_EMBED_SWIFT_STANDARD_LIBRARIES = YES;
				CODE_SIGN_STYLE = Automatic;
				CURRENT_PROJECT_VERSION = 1;
				DEVELOPMENT_TEAM = 3NFYF9U8JP;
				GENERATE_INFOPLIST_FILE = YES;
				MARKETING_VERSION = 1.0;
				PRODUCT_BUNDLE_IDENTIFIER = Bryan.mapDemoUITests;
				PRODUCT_NAME = "$(TARGET_NAME)";
				SWIFT_EMIT_LOC_STRINGS = NO;
				SWIFT_VERSION = 5.0;
				TARGETED_DEVICE_FAMILY = "1,2";
				TEST_TARGET_NAME = mapDemo;
			};
			name = Release;
		};
/* End XCBuildConfiguration section */

/* Begin XCConfigurationList section */
		93FB83B12819715400BBF0E3 /* Build configuration list for PBXProject "mapDemo" */ = {
			isa = XCConfigurationList;
			buildConfigurations = (
				93FB83DE2819715500BBF0E3 /* Debug */,
				93FB83DF2819715500BBF0E3 /* Release */,
			);
			defaultConfigurationIsVisible = 0;
			defaultConfigurationName = Release;
		};
		93FB83E02819715500BBF0E3 /* Build configuration list for PBXNativeTarget "mapDemo" */ = {
			isa = XCConfigurationList;
			buildConfigurations = (
				93FB83E12819715500BBF0E3 /* Debug */,
				93FB83E22819715500BBF0E3 /* Release */,
			);
			defaultConfigurationIsVisible = 0;
			defaultConfigurationName = Release;
		};
		93FB83E32819715500BBF0E3 /* Build configuration list for PBXNativeTarget "mapDemoTests" */ = {
			isa = XCConfigurationList;
			buildConfigurations = (
				93FB83E42819715500BBF0E3 /* Debug */,
				93FB83E52819715500BBF0E3 /* Release */,
			);
			defaultConfigurationIsVisible = 0;
			defaultConfigurationName = Release;
		};
		93FB83E62819715500BBF0E3 /* Build configuration list for PBXNativeTarget "mapDemoUITests" */ = {
			isa = XCConfigurationList;
			buildConfigurations = (
				93FB83E72819715500BBF0E3 /* Debug */,
				93FB83E82819715500BBF0E3 /* Release */,
			);
			defaultConfigurationIsVisible = 0;
			defaultConfigurationName = Release;
		};
/* End XCConfigurationList section */
	};
	rootObject = 93FB83AE2819715400BBF0E3 /* Project object */;
}
